
Microsoft Visual Studio Solution File, Format Version 12.00
# Visual Studio Version 17
VisualStudioVersion = 17.11.35327.3
MinimumVisualStudioVersion = 10.0.40219.1
Project("{FAE04EC0-301F-11D3-BF4B-00C04F79EFBC}") = "Lab4", "Lab4\Lab4.csproj", "{B224FFA7-3FDB-4695-895C-C531F36A1ED0}"
EndProject
Global
	GlobalSection(SolutionConfigurationPlatforms) = preSolution
		Debug|Any CPU = Debug|Any CPU
		Release|Any CPU = Release|Any CPU
	EndGlobalSection
	GlobalSection(ProjectConfigurationPlatforms) = postSolution
		{B224FFA7-3FDB-4695-895C-C531F36A1ED0}.Debug|Any CPU.ActiveCfg = Debug|Any CPU
		{B224FFA7-3FDB-4695-895C-C531F36A1ED0}.Debug|Any CPU.Build.0 = Debug|Any CPU
		{B224FFA7-3FDB-4695-895C-C531F36A1ED0}.Release|Any CPU.ActiveCfg = Release|Any CPU
		{B224FFA7-3FDB-4695-895C-C531F36A1ED0}.Release|Any CPU.Build.0 = Release|Any CPU
	EndGlobalSection
	GlobalSection(SolutionProperties) = preSolution
		HideSolutionNode = FALSE
	EndGlobalSection
	GlobalSection(ExtensibilityGlobals) = postSolution
		SolutionGuid = {31885E35-544D-4492-8603-69C9153B8FBA}
	EndGlobalSection
EndGlobal
